
Microsoft Visual Studio Solution File, Format Version 12.00
# Visual Studio Version 17
VisualStudioVersion = 17.9.34714.143
MinimumVisualStudioVersion = 10.0.40219.1
Project("{FAE04EC0-301F-11D3-BF4B-00C04F79EFBC}") = "Comandas", "Comandas.csproj", "{88D4A65A-6358-4EAD-A938-3E073A41BCEC}"
EndProject
Global
	GlobalSection(SolutionConfigurationPlatforms) = preSolution
		Debug|Any CPU = Debug|Any CPU
		Release|Any CPU = Release|Any CPU
	EndGlobalSection
	GlobalSection(ProjectConfigurationPlatforms) = postSolution
		{88D4A65A-6358-4EAD-A938-3E073A41BCEC}.Debug|Any CPU.ActiveCfg = Debug|Any CPU
		{88D4A65A-6358-4EAD-A938-3E073A41BCEC}.Debug|Any CPU.Build.0 = Debug|Any CPU
		{88D4A65A-6358-4EAD-A938-3E073A41BCEC}.Release|Any CPU.ActiveCfg = Release|Any CPU
		{88D4A65A-6358-4EAD-A938-3E073A41BCEC}.Release|Any CPU.Build.0 = Release|Any CPU
	EndGlobalSection
	GlobalSection(SolutionProperties) = preSolution
		HideSolutionNode = FALSE
	EndGlobalSection
	GlobalSection(ExtensibilityGlobals) = postSolution
		SolutionGuid = {E34F70E1-941C-4EC5-A269-264572DE26D5}
	EndGlobalSection
EndGlobal
